
Microsoft Visual Studio Solution File, Format Version 12.00
# Visual Studio 15
VisualStudioVersion = 15.0.27428.2027
MinimumVisualStudioVersion = 10.0.40219.1
Project("{8BC9CEB8-8B4A-11D0-8D11-00A0C91BC942}") = "WinApplicationLib", "WinApplicationLib\WinApplicationLib.vcxproj", "{8C3A04A4-B448-46E3-92BD-0F4236E0FAC5}"
EndProject
Project("{8BC9CEB8-8B4A-11D0-8D11-00A0C91BC942}") = "TestWinApplicationLib", "TestWinApplicationLib\TestWinApplicationLib.vcxproj", "{6D6132BF-98BD-483E-AC69-03B93DDC4C6D}"
EndProject
Global
	GlobalSection(SolutionConfigurationPlatforms) = preSolution
		Debug|x64 = Debug|x64
		Debug|x86 = Debug|x86
		Release|x64 = Release|x64
		Release|x86 = Release|x86
	EndGlobalSection
	GlobalSection(ProjectConfigurationPlatforms) = postSolution
		{8C3A04A4-B448-46E3-92BD-0F4236E0FAC5}.Debug|x64.ActiveCfg = Debug|x64
		{8C3A04A4-B448-46E3-92BD-0F4236E0FAC5}.Debug|x64.Build.0 = Debug|x64
		{8C3A04A4-B448-46E3-92BD-0F4236E0FAC5}.Debug|x86.ActiveCfg = Debug|Win32
		{8C3A04A4-B448-46E3-92BD-0F4236E0FAC5}.Debug|x86.Build.0 = Debug|Win32
		{8C3A04A4-B448-46E3-92BD-0F4236E0FAC5}.Release|x64.ActiveCfg = Release|x64
		{8C3A04A4-B448-46E3-92BD-0F4236E0FAC5}.Release|x64.Build.0 = Release|x64
		{8C3A04A4-B448-46E3-92BD-0F4236E0FAC5}.Release|x86.ActiveCfg = Release|Win32
		{8C3A04A4-B448-46E3-92BD-0F4236E0FAC5}.Release|x86.Build.0 = Release|Win32
		{6D6132BF-98BD-483E-AC69-03B93DDC4C6D}.Debug|x64.ActiveCfg = Debug|x64
		{6D6132BF-98BD-483E-AC69-03B93DDC4C6D}.Debug|x64.Build.0 = Debug|x64
		{6D6132BF-98BD-483E-AC69-03B93DDC4C6D}.Debug|x86.ActiveCfg = Debug|Win32
		{6D6132BF-98BD-483E-AC69-03B93DDC4C6D}.Debug|x86.Build.0 = Debug|Win32
		{6D6132BF-98BD-483E-AC69-03B93DDC4C6D}.Release|x64.ActiveCfg = Release|x64
		{6D6132BF-98BD-483E-AC69-03B93DDC4C6D}.Release|x64.Build.0 = Release|x64
		{6D6132BF-98BD-483E-AC69-03B93DDC4C6D}.Release|x86.ActiveCfg = Release|Win32
		{6D6132BF-98BD-483E-AC69-03B93DDC4C6D}.Release|x86.Build.0 = Release|Win32
	EndGlobalSection
	GlobalSection(SolutionProperties) = preSolution
		HideSolutionNode = FALSE
	EndGlobalSection
	GlobalSection(ExtensibilityGlobals) = postSolution
		SolutionGuid = {4EBC7D3F-E3CD-408F-8019-B0A7494BD306}
	EndGlobalSection
EndGlobal
